
Microsoft Visual Studio Solution File, Format Version 12.00
# Visual Studio 15
VisualStudioVersion = 15.0.28307.757
MinimumVisualStudioVersion = 10.0.40219.1
Project("{9A19103F-16F7-4668-BE54-9A1E7A4F7556}") = "WeatherApp", "WeatherApp\WeatherApp.csproj", "{230C6381-C673-4ECD-8188-87107404DD6C}"
EndProject
Project("{9A19103F-16F7-4668-BE54-9A1E7A4F7556}") = "WeatherApp.Core", "WeatherApp.Core\WeatherApp.Core.csproj", "{B0953762-3E10-4B28-814D-1C66FFDCC878}"
EndProject
Project("{9A19103F-16F7-4668-BE54-9A1E7A4F7556}") = "WeatherApp.Data", "WeatherApp.Data\WeatherApp.Data.csproj", "{E75FE7F4-8F37-44CD-8D85-0F8897D52E7A}"
EndProject
Project("{FAE04EC0-301F-11D3-BF4B-00C04F79EFBC}") = "WeatherApp.Model", "WeatherApp.Model\WeatherApp.Model.csproj", "{5A169D04-74DE-4DE6-8420-9EA4958EEEA5}"
EndProject
Global
	GlobalSection(SolutionConfigurationPlatforms) = preSolution
		Debug|Any CPU = Debug|Any CPU
		Release|Any CPU = Release|Any CPU
	EndGlobalSection
	GlobalSection(ProjectConfigurationPlatforms) = postSolution
		{230C6381-C673-4ECD-8188-87107404DD6C}.Debug|Any CPU.ActiveCfg = Debug|Any CPU
		{230C6381-C673-4ECD-8188-87107404DD6C}.Debug|Any CPU.Build.0 = Debug|Any CPU
		{230C6381-C673-4ECD-8188-87107404DD6C}.Release|Any CPU.ActiveCfg = Release|Any CPU
		{230C6381-C673-4ECD-8188-87107404DD6C}.Release|Any CPU.Build.0 = Release|Any CPU
		{B0953762-3E10-4B28-814D-1C66FFDCC878}.Debug|Any CPU.ActiveCfg = Debug|Any CPU
		{B0953762-3E10-4B28-814D-1C66FFDCC878}.Debug|Any CPU.Build.0 = Debug|Any CPU
		{B0953762-3E10-4B28-814D-1C66FFDCC878}.Release|Any CPU.ActiveCfg = Release|Any CPU
		{B0953762-3E10-4B28-814D-1C66FFDCC878}.Release|Any CPU.Build.0 = Release|Any CPU
		{E75FE7F4-8F37-44CD-8D85-0F8897D52E7A}.Debug|Any CPU.ActiveCfg = Debug|Any CPU
		{E75FE7F4-8F37-44CD-8D85-0F8897D52E7A}.Debug|Any CPU.Build.0 = Debug|Any CPU
		{E75FE7F4-8F37-44CD-8D85-0F8897D52E7A}.Release|Any CPU.ActiveCfg = Release|Any CPU
		{E75FE7F4-8F37-44CD-8D85-0F8897D52E7A}.Release|Any CPU.Build.0 = Release|Any CPU
		{5A169D04-74DE-4DE6-8420-9EA4958EEEA5}.Debug|Any CPU.ActiveCfg = Debug|Any CPU
		{5A169D04-74DE-4DE6-8420-9EA4958EEEA5}.Debug|Any CPU.Build.0 = Debug|Any CPU
		{5A169D04-74DE-4DE6-8420-9EA4958EEEA5}.Release|Any CPU.ActiveCfg = Release|Any CPU
		{5A169D04-74DE-4DE6-8420-9EA4958EEEA5}.Release|Any CPU.Build.0 = Release|Any CPU
	EndGlobalSection
	GlobalSection(SolutionProperties) = preSolution
		HideSolutionNode = FALSE
	EndGlobalSection
	GlobalSection(ExtensibilityGlobals) = postSolution
		SolutionGuid = {0EE2A522-F0CD-4AA0-90F0-3CF6EF9879CC}
	EndGlobalSection
EndGlobal
